<?xml version="1.0" encoding="UTF-8" standalone="yes" ?>
<CodeBlocks_project_file>
	<FileVersion major="1" minor="6" />
	<Project>
		<Option title="Modules" />
		<Option pch_mode="2" />
		<Option compiler="gcc" />
		<Build>
			<Target title="Debug">
				<Option output="bin/Debug/Modules" prefix_auto="1" extension_auto="1" />
				<Option object_output="obj/Debug/" />
				<Option type="1" />
				<Option compiler="gcc" />
				<Compiler>
					<Add option="-g" />
					<Add directory="D:/Стас/Универ/BMTP/Tsarenko-Stanislav-KN23/lab11/prj/Modules/" />
				</Compiler>
				<ResourceCompiler>
					<Add directory="D:/Стас/Универ/BMTP/Tsarenko-Stanislav-KN23/lab11/prj/Modules/" />
				</ResourceCompiler>
				<Linker>
					<Add library="struct_type_project_5.h" />
					<Add directory="D:/Стас/Универ/BMTP/Tsarenko-Stanislav-KN23/lab11/prj/Modules/" />
				</Linker>
			</Target>
			<Target title="Release">
				<Option output="bin/Release/Modules" prefix_auto="1" extension_auto="1" />
				<Option object_output="obj/Release/" />
				<Option type="1" />
				<Option compiler="gcc" />
				<Compiler>
					<Add option="-O2" />
				</Compiler>
				<Linker>
					<Add option="-s" />
				</Linker>
			</Target>
		</Build>
		<Compiler>
			<Add option="-Wall" />
		</Compiler>
		<Unit filename="ModulesSambros.h">
			<Option target="&lt;{~None~}&gt;" />
		</Unit>
		<Unit filename="ModulesTsarenko.h">
			<Option target="&lt;{~None~}&gt;" />
		</Unit>
		<Unit filename="ModulesZamai.h">
			<Option target="&lt;{~None~}&gt;" />
		</Unit>
		<Unit filename="struct_type_project_5.h">
			<Option target="&lt;{~None~}&gt;" />
		</Unit>
		<Extensions>
			<lib_finder disable_auto="1" />
		</Extensions>
	</Project>
</CodeBlocks_project_file>
